
Microsoft Visual Studio Solution File, Format Version 12.00
# Visual Studio Version 17
VisualStudioVersion = 17.3.32825.248
MinimumVisualStudioVersion = 10.0.40219.1
Project("{FAE04EC0-301F-11D3-BF4B-00C04F79EFBC}") = "buoi3", "WinFormsApp1\buoi3.csproj", "{3E7AB8AF-65F8-4C46-9102-EF35E4126A85}"
EndProject
Global
	GlobalSection(SolutionConfigurationPlatforms) = preSolution
		Debug|Any CPU = Debug|Any CPU
		Release|Any CPU = Release|Any CPU
	EndGlobalSection
	GlobalSection(ProjectConfigurationPlatforms) = postSolution
		{3E7AB8AF-65F8-4C46-9102-EF35E4126A85}.Debug|Any CPU.ActiveCfg = Debug|Any CPU
		{3E7AB8AF-65F8-4C46-9102-EF35E4126A85}.Debug|Any CPU.Build.0 = Debug|Any CPU
		{3E7AB8AF-65F8-4C46-9102-EF35E4126A85}.Release|Any CPU.ActiveCfg = Release|Any CPU
		{3E7AB8AF-65F8-4C46-9102-EF35E4126A85}.Release|Any CPU.Build.0 = Release|Any CPU
	EndGlobalSection
	GlobalSection(SolutionProperties) = preSolution
		HideSolutionNode = FALSE
	EndGlobalSection
	GlobalSection(ExtensibilityGlobals) = postSolution
		SolutionGuid = {04A197EF-394B-43D2-B3CE-0E7619AC36AF}
	EndGlobalSection
EndGlobal
