
Microsoft Visual Studio Solution File, Format Version 12.00
# Visual Studio Version 17
VisualStudioVersion = 17.3.32825.248
MinimumVisualStudioVersion = 10.0.40219.1
Project("{FAE04EC0-301F-11D3-BF4B-00C04F79EFBC}") = "QLDanhBa", "QLDanhBa\QLDanhBa.csproj", "{577D6CBC-A906-4700-8459-35DADBE9B1B0}"
EndProject
Global
	GlobalSection(SolutionConfigurationPlatforms) = preSolution
		Debug|Any CPU = Debug|Any CPU
		Release|Any CPU = Release|Any CPU
	EndGlobalSection
	GlobalSection(ProjectConfigurationPlatforms) = postSolution
		{577D6CBC-A906-4700-8459-35DADBE9B1B0}.Debug|Any CPU.ActiveCfg = Debug|Any CPU
		{577D6CBC-A906-4700-8459-35DADBE9B1B0}.Debug|Any CPU.Build.0 = Debug|Any CPU
		{577D6CBC-A906-4700-8459-35DADBE9B1B0}.Release|Any CPU.ActiveCfg = Release|Any CPU
		{577D6CBC-A906-4700-8459-35DADBE9B1B0}.Release|Any CPU.Build.0 = Release|Any CPU
	EndGlobalSection
	GlobalSection(SolutionProperties) = preSolution
		HideSolutionNode = FALSE
	EndGlobalSection
	GlobalSection(ExtensibilityGlobals) = postSolution
		SolutionGuid = {0269E024-AE7D-47DC-99A9-FFD71086E942}
	EndGlobalSection
EndGlobal
